
Microsoft Visual Studio Solution File, Format Version 12.00
# Visual Studio Version 16
VisualStudioVersion = 16.0.32126.315
MinimumVisualStudioVersion = 10.0.40219.1
Project("{FAE04EC0-301F-11D3-BF4B-00C04F79EFBC}") = "BookStore", "BookStore\BookStore.csproj", "{995C4962-761B-49E9-B7EA-83926B8D4C76}"
EndProject
Global
	GlobalSection(SolutionConfigurationPlatforms) = preSolution
		Debug|Any CPU = Debug|Any CPU
		Release|Any CPU = Release|Any CPU
	EndGlobalSection
	GlobalSection(ProjectConfigurationPlatforms) = postSolution
		{995C4962-761B-49E9-B7EA-83926B8D4C76}.Debug|Any CPU.ActiveCfg = Debug|Any CPU
		{995C4962-761B-49E9-B7EA-83926B8D4C76}.Debug|Any CPU.Build.0 = Debug|Any CPU
		{995C4962-761B-49E9-B7EA-83926B8D4C76}.Release|Any CPU.ActiveCfg = Release|Any CPU
		{995C4962-761B-49E9-B7EA-83926B8D4C76}.Release|Any CPU.Build.0 = Release|Any CPU
	EndGlobalSection
	GlobalSection(SolutionProperties) = preSolution
		HideSolutionNode = FALSE
	EndGlobalSection
	GlobalSection(ExtensibilityGlobals) = postSolution
		SolutionGuid = {F6C9727D-6B3B-4C5F-B456-63D972ACB3EC}
	EndGlobalSection
EndGlobal
